
Microsoft Visual Studio Solution File, Format Version 12.00
# Visual Studio Version 17
VisualStudioVersion = 17.0.31903.59
MinimumVisualStudioVersion = 10.0.40219.1
Project("{2150E333-8FDC-42A3-9474-1A3956D46DE8}") = "src", "src", "{827E0CD3-B72D-47B6-A68D-7590B98EB39B}"
EndProject
Project("{FAE04EC0-301F-11D3-BF4B-00C04F79EFBC}") = "Hunspell", "src\Hunspell\Hunspell.csproj", "{D992A117-1B81-4215-8E7F-594F9394707A}"
EndProject
Project("{2150E333-8FDC-42A3-9474-1A3956D46DE8}") = "tests", "tests", "{0AB3BF05-4346-4AA6-1389-037BE0695223}"
EndProject
Project("{FAE04EC0-301F-11D3-BF4B-00C04F79EFBC}") = "Hunspell.Tests", "tests\Hunspell.Tests\Hunspell.Tests.csproj", "{BA04FB82-869E-4B96-981B-B7D1AB866F14}"
EndProject
Project("{2150E333-8FDC-42A3-9474-1A3956D46DE8}") = "samples", "samples", "{5D20AA90-6969-D8BD-9DCD-8634F4692FDA}"
EndProject
Project("{FAE04EC0-301F-11D3-BF4B-00C04F79EFBC}") = "Hunspell.Sample", "samples\Hunspell.Sample\Hunspell.Sample.csproj", "{9B6048E7-32EF-4FAF-8342-1BA2D6E41DEE}"
EndProject
Project("{2150E333-8FDC-42A3-9474-1A3956D46DE8}") = "benchmarks", "benchmarks", "{66320409-64EC-F7C5-3DEF-65E7510DAAD1}"
EndProject
Project("{FAE04EC0-301F-11D3-BF4B-00C04F79EFBC}") = "Hunspell.Benchmarks", "benchmarks\Hunspell.Benchmarks\Hunspell.Benchmarks.csproj", "{3200C233-ED4F-4B9F-BF77-64E1C08550E9}"
EndProject
Project("{FAE04EC0-301F-11D3-BF4B-00C04F79EFBC}") = "NHunspell.Benchmarks", "benchmarks\NHunspell.Benchmarks\NHunspell.Benchmarks.csproj", "{9CF897BE-3559-0FDC-10CD-12B5A0F89C83}"
EndProject
Project("{FAE04EC0-301F-11D3-BF4B-00C04F79EFBC}") = "Tools.Munch", "src\Tools.Munch\Tools.Munch.csproj", "{ABCDEF12-3456-7890-ABCD-1234567890AB}"
EndProject
Project("{FAE04EC0-301F-11D3-BF4B-00C04F79EFBC}") = "Tools.Munch.Tests", "tests\Tools.Munch.Tests\Tools.Munch.Tests.csproj", "{12345678-9ABC-DEF0-1234-56789ABCDEF0}"
EndProject
Project("{FAE04EC0-301F-11D3-BF4B-00C04F79EFBC}") = "Hunspell.Maui.Sample", "samples\Hunspell.Maui.Sample\Hunspell.Maui.Sample.csproj", "{4AB8228D-40C3-4A4F-A3B7-AEA7E80B9A31}"
EndProject
Project("{FAE04EC0-301F-11D3-BF4B-00C04F79EFBC}") = "Hunspell.WinForms.Sample", "samples\Hunspell.WinForms.Sample\Hunspell.WinForms.Sample.csproj", "{405A4BE6-84DA-4240-A92A-A11279D73A6A}"
EndProject
Global
	GlobalSection(SolutionConfigurationPlatforms) = preSolution
		Debug|Any CPU = Debug|Any CPU
		Debug|x64 = Debug|x64
		Debug|x86 = Debug|x86
		Release|Any CPU = Release|Any CPU
		Release|x64 = Release|x64
		Release|x86 = Release|x86
	EndGlobalSection
	GlobalSection(ProjectConfigurationPlatforms) = postSolution
		{D992A117-1B81-4215-8E7F-594F9394707A}.Debug|Any CPU.ActiveCfg = Debug|Any CPU
		{D992A117-1B81-4215-8E7F-594F9394707A}.Debug|Any CPU.Build.0 = Debug|Any CPU
		{D992A117-1B81-4215-8E7F-594F9394707A}.Debug|x64.ActiveCfg = Debug|Any CPU
		{D992A117-1B81-4215-8E7F-594F9394707A}.Debug|x64.Build.0 = Debug|Any CPU
		{D992A117-1B81-4215-8E7F-594F9394707A}.Debug|x86.ActiveCfg = Debug|Any CPU
		{D992A117-1B81-4215-8E7F-594F9394707A}.Debug|x86.Build.0 = Debug|Any CPU
		{D992A117-1B81-4215-8E7F-594F9394707A}.Release|Any CPU.ActiveCfg = Release|Any CPU
		{D992A117-1B81-4215-8E7F-594F9394707A}.Release|Any CPU.Build.0 = Release|Any CPU
		{D992A117-1B81-4215-8E7F-594F9394707A}.Release|x64.ActiveCfg = Release|Any CPU
		{D992A117-1B81-4215-8E7F-594F9394707A}.Release|x64.Build.0 = Release|Any CPU
		{D992A117-1B81-4215-8E7F-594F9394707A}.Release|x86.ActiveCfg = Release|Any CPU
		{D992A117-1B81-4215-8E7F-594F9394707A}.Release|x86.Build.0 = Release|Any CPU
		{BA04FB82-869E-4B96-981B-B7D1AB866F14}.Debug|Any CPU.ActiveCfg = Debug|Any CPU
		{BA04FB82-869E-4B96-981B-B7D1AB866F14}.Debug|Any CPU.Build.0 = Debug|Any CPU
		{BA04FB82-869E-4B96-981B-B7D1AB866F14}.Debug|x64.ActiveCfg = Debug|Any CPU
		{BA04FB82-869E-4B96-981B-B7D1AB866F14}.Debug|x64.Build.0 = Debug|Any CPU
		{BA04FB82-869E-4B96-981B-B7D1AB866F14}.Debug|x86.ActiveCfg = Debug|Any CPU
		{BA04FB82-869E-4B96-981B-B7D1AB866F14}.Debug|x86.Build.0 = Debug|Any CPU
		{BA04FB82-869E-4B96-981B-B7D1AB866F14}.Release|Any CPU.ActiveCfg = Release|Any CPU
		{BA04FB82-869E-4B96-981B-B7D1AB866F14}.Release|Any CPU.Build.0 = Release|Any CPU
		{BA04FB82-869E-4B96-981B-B7D1AB866F14}.Release|x64.ActiveCfg = Release|Any CPU
		{BA04FB82-869E-4B96-981B-B7D1AB866F14}.Release|x64.Build.0 = Release|Any CPU
		{BA04FB82-869E-4B96-981B-B7D1AB866F14}.Release|x86.ActiveCfg = Release|Any CPU
		{BA04FB82-869E-4B96-981B-B7D1AB866F14}.Release|x86.Build.0 = Release|Any CPU
		{9B6048E7-32EF-4FAF-8342-1BA2D6E41DEE}.Debug|Any CPU.ActiveCfg = Debug|Any CPU
		{9B6048E7-32EF-4FAF-8342-1BA2D6E41DEE}.Debug|Any CPU.Build.0 = Debug|Any CPU
		{9B6048E7-32EF-4FAF-8342-1BA2D6E41DEE}.Debug|x64.ActiveCfg = Debug|Any CPU
		{9B6048E7-32EF-4FAF-8342-1BA2D6E41DEE}.Debug|x64.Build.0 = Debug|Any CPU
		{9B6048E7-32EF-4FAF-8342-1BA2D6E41DEE}.Debug|x86.ActiveCfg = Debug|Any CPU
		{9B6048E7-32EF-4FAF-8342-1BA2D6E41DEE}.Debug|x86.Build.0 = Debug|Any CPU
		{9B6048E7-32EF-4FAF-8342-1BA2D6E41DEE}.Release|Any CPU.ActiveCfg = Release|Any CPU
		{9B6048E7-32EF-4FAF-8342-1BA2D6E41DEE}.Release|Any CPU.Build.0 = Release|Any CPU
		{9B6048E7-32EF-4FAF-8342-1BA2D6E41DEE}.Release|x64.ActiveCfg = Release|Any CPU
		{9B6048E7-32EF-4FAF-8342-1BA2D6E41DEE}.Release|x64.Build.0 = Release|Any CPU
		{9B6048E7-32EF-4FAF-8342-1BA2D6E41DEE}.Release|x86.ActiveCfg = Release|Any CPU
		{9B6048E7-32EF-4FAF-8342-1BA2D6E41DEE}.Release|x86.Build.0 = Release|Any CPU
		{3200C233-ED4F-4B9F-BF77-64E1C08550E9}.Debug|Any CPU.ActiveCfg = Debug|Any CPU
		{3200C233-ED4F-4B9F-BF77-64E1C08550E9}.Debug|Any CPU.Build.0 = Debug|Any CPU
		{3200C233-ED4F-4B9F-BF77-64E1C08550E9}.Debug|x64.ActiveCfg = Debug|Any CPU
		{3200C233-ED4F-4B9F-BF77-64E1C08550E9}.Debug|x64.Build.0 = Debug|Any CPU
		{3200C233-ED4F-4B9F-BF77-64E1C08550E9}.Debug|x86.ActiveCfg = Debug|Any CPU
		{3200C233-ED4F-4B9F-BF77-64E1C08550E9}.Debug|x86.Build.0 = Debug|Any CPU
		{3200C233-ED4F-4B9F-BF77-64E1C08550E9}.Release|Any CPU.ActiveCfg = Release|Any CPU
		{3200C233-ED4F-4B9F-BF77-64E1C08550E9}.Release|Any CPU.Build.0 = Release|Any CPU
		{3200C233-ED4F-4B9F-BF77-64E1C08550E9}.Release|x64.ActiveCfg = Release|Any CPU
		{3200C233-ED4F-4B9F-BF77-64E1C08550E9}.Release|x64.Build.0 = Release|Any CPU
		{3200C233-ED4F-4B9F-BF77-64E1C08550E9}.Release|x86.ActiveCfg = Release|Any CPU
		{3200C233-ED4F-4B9F-BF77-64E1C08550E9}.Release|x86.Build.0 = Release|Any CPU
		{9CF897BE-3559-0FDC-10CD-12B5A0F89C83}.Debug|Any CPU.ActiveCfg = Debug|Any CPU
		{9CF897BE-3559-0FDC-10CD-12B5A0F89C83}.Debug|Any CPU.Build.0 = Debug|Any CPU
		{9CF897BE-3559-0FDC-10CD-12B5A0F89C83}.Debug|x64.ActiveCfg = Debug|Any CPU
		{9CF897BE-3559-0FDC-10CD-12B5A0F89C83}.Debug|x64.Build.0 = Debug|Any CPU
		{9CF897BE-3559-0FDC-10CD-12B5A0F89C83}.Debug|x86.ActiveCfg = Debug|Any CPU
		{9CF897BE-3559-0FDC-10CD-12B5A0F89C83}.Debug|x86.Build.0 = Debug|Any CPU
		{9CF897BE-3559-0FDC-10CD-12B5A0F89C83}.Release|Any CPU.ActiveCfg = Release|Any CPU
		{9CF897BE-3559-0FDC-10CD-12B5A0F89C83}.Release|Any CPU.Build.0 = Release|Any CPU
		{9CF897BE-3559-0FDC-10CD-12B5A0F89C83}.Release|x64.ActiveCfg = Release|Any CPU
		{9CF897BE-3559-0FDC-10CD-12B5A0F89C83}.Release|x64.Build.0 = Release|Any CPU
		{9CF897BE-3559-0FDC-10CD-12B5A0F89C83}.Release|x86.ActiveCfg = Release|Any CPU
		{9CF897BE-3559-0FDC-10CD-12B5A0F89C83}.Release|x86.Build.0 = Release|Any CPU
		{ABCDEF12-3456-7890-ABCD-1234567890AB}.Debug|Any CPU.ActiveCfg = Debug|Any CPU
		{ABCDEF12-3456-7890-ABCD-1234567890AB}.Debug|Any CPU.Build.0 = Debug|Any CPU
		{ABCDEF12-3456-7890-ABCD-1234567890AB}.Debug|x64.ActiveCfg = Debug|Any CPU
		{ABCDEF12-3456-7890-ABCD-1234567890AB}.Debug|x64.Build.0 = Debug|Any CPU
		{ABCDEF12-3456-7890-ABCD-1234567890AB}.Debug|x86.ActiveCfg = Debug|Any CPU
		{ABCDEF12-3456-7890-ABCD-1234567890AB}.Debug|x86.Build.0 = Debug|Any CPU
		{ABCDEF12-3456-7890-ABCD-1234567890AB}.Release|Any CPU.ActiveCfg = Release|Any CPU
		{ABCDEF12-3456-7890-ABCD-1234567890AB}.Release|Any CPU.Build.0 = Release|Any CPU
		{ABCDEF12-3456-7890-ABCD-1234567890AB}.Release|x64.ActiveCfg = Release|Any CPU
		{ABCDEF12-3456-7890-ABCD-1234567890AB}.Release|x64.Build.0 = Release|Any CPU
		{ABCDEF12-3456-7890-ABCD-1234567890AB}.Release|x86.ActiveCfg = Release|Any CPU
		{ABCDEF12-3456-7890-ABCD-1234567890AB}.Release|x86.Build.0 = Release|Any CPU
		{12345678-9ABC-DEF0-1234-56789ABCDEF0}.Debug|Any CPU.ActiveCfg = Debug|Any CPU
		{12345678-9ABC-DEF0-1234-56789ABCDEF0}.Debug|Any CPU.Build.0 = Debug|Any CPU
		{12345678-9ABC-DEF0-1234-56789ABCDEF0}.Debug|x64.ActiveCfg = Debug|Any CPU
		{12345678-9ABC-DEF0-1234-56789ABCDEF0}.Debug|x64.Build.0 = Debug|Any CPU
		{12345678-9ABC-DEF0-1234-56789ABCDEF0}.Debug|x86.ActiveCfg = Debug|Any CPU
		{12345678-9ABC-DEF0-1234-56789ABCDEF0}.Debug|x86.Build.0 = Debug|Any CPU
		{12345678-9ABC-DEF0-1234-56789ABCDEF0}.Release|Any CPU.ActiveCfg = Release|Any CPU
		{12345678-9ABC-DEF0-1234-56789ABCDEF0}.Release|Any CPU.Build.0 = Release|Any CPU
		{12345678-9ABC-DEF0-1234-56789ABCDEF0}.Release|x64.ActiveCfg = Release|Any CPU
		{12345678-9ABC-DEF0-1234-56789ABCDEF0}.Release|x64.Build.0 = Release|Any CPU
		{12345678-9ABC-DEF0-1234-56789ABCDEF0}.Release|x86.ActiveCfg = Release|Any CPU
		{12345678-9ABC-DEF0-1234-56789ABCDEF0}.Release|x86.Build.0 = Release|Any CPU
		{4AB8228D-40C3-4A4F-A3B7-AEA7E80B9A31}.Debug|Any CPU.ActiveCfg = Debug|Any CPU
		{4AB8228D-40C3-4A4F-A3B7-AEA7E80B9A31}.Debug|Any CPU.Build.0 = Debug|Any CPU
		{4AB8228D-40C3-4A4F-A3B7-AEA7E80B9A31}.Debug|x64.ActiveCfg = Debug|Any CPU
		{4AB8228D-40C3-4A4F-A3B7-AEA7E80B9A31}.Debug|x64.Build.0 = Debug|Any CPU
		{4AB8228D-40C3-4A4F-A3B7-AEA7E80B9A31}.Debug|x86.ActiveCfg = Debug|Any CPU
		{4AB8228D-40C3-4A4F-A3B7-AEA7E80B9A31}.Debug|x86.Build.0 = Debug|Any CPU
		{4AB8228D-40C3-4A4F-A3B7-AEA7E80B9A31}.Release|Any CPU.ActiveCfg = Release|Any CPU
		{4AB8228D-40C3-4A4F-A3B7-AEA7E80B9A31}.Release|Any CPU.Build.0 = Release|Any CPU
		{4AB8228D-40C3-4A4F-A3B7-AEA7E80B9A31}.Release|x64.ActiveCfg = Release|Any CPU
		{4AB8228D-40C3-4A4F-A3B7-AEA7E80B9A31}.Release|x64.Build.0 = Release|Any CPU
		{4AB8228D-40C3-4A4F-A3B7-AEA7E80B9A31}.Release|x86.ActiveCfg = Release|Any CPU
		{4AB8228D-40C3-4A4F-A3B7-AEA7E80B9A31}.Release|x86.Build.0 = Release|Any CPU
		{405A4BE6-84DA-4240-A92A-A11279D73A6A}.Debug|Any CPU.ActiveCfg = Debug|Any CPU
		{405A4BE6-84DA-4240-A92A-A11279D73A6A}.Debug|Any CPU.Build.0 = Debug|Any CPU
		{405A4BE6-84DA-4240-A92A-A11279D73A6A}.Debug|x64.ActiveCfg = Debug|Any CPU
		{405A4BE6-84DA-4240-A92A-A11279D73A6A}.Debug|x64.Build.0 = Debug|Any CPU
		{405A4BE6-84DA-4240-A92A-A11279D73A6A}.Debug|x86.ActiveCfg = Debug|Any CPU
		{405A4BE6-84DA-4240-A92A-A11279D73A6A}.Debug|x86.Build.0 = Debug|Any CPU
		{405A4BE6-84DA-4240-A92A-A11279D73A6A}.Release|Any CPU.ActiveCfg = Release|Any CPU
		{405A4BE6-84DA-4240-A92A-A11279D73A6A}.Release|Any CPU.Build.0 = Release|Any CPU
		{405A4BE6-84DA-4240-A92A-A11279D73A6A}.Release|x64.ActiveCfg = Release|Any CPU
		{405A4BE6-84DA-4240-A92A-A11279D73A6A}.Release|x64.Build.0 = Release|Any CPU
		{405A4BE6-84DA-4240-A92A-A11279D73A6A}.Release|x86.ActiveCfg = Release|Any CPU
		{405A4BE6-84DA-4240-A92A-A11279D73A6A}.Release|x86.Build.0 = Release|Any CPU
	EndGlobalSection
	GlobalSection(SolutionProperties) = preSolution
		HideSolutionNode = FALSE
	EndGlobalSection
	GlobalSection(NestedProjects) = preSolution
		{D992A117-1B81-4215-8E7F-594F9394707A} = {827E0CD3-B72D-47B6-A68D-7590B98EB39B}
		{BA04FB82-869E-4B96-981B-B7D1AB866F14} = {0AB3BF05-4346-4AA6-1389-037BE0695223}
		{9B6048E7-32EF-4FAF-8342-1BA2D6E41DEE} = {5D20AA90-6969-D8BD-9DCD-8634F4692FDA}
		{3200C233-ED4F-4B9F-BF77-64E1C08550E9} = {66320409-64EC-F7C5-3DEF-65E7510DAAD1}
		{9CF897BE-3559-0FDC-10CD-12B5A0F89C83} = {66320409-64EC-F7C5-3DEF-65E7510DAAD1}
		{ABCDEF12-3456-7890-ABCD-1234567890AB} = {827E0CD3-B72D-47B6-A68D-7590B98EB39B}
		{12345678-9ABC-DEF0-1234-56789ABCDEF0} = {0AB3BF05-4346-4AA6-1389-037BE0695223}
		{4AB8228D-40C3-4A4F-A3B7-AEA7E80B9A31} = {5D20AA90-6969-D8BD-9DCD-8634F4692FDA}
		{405A4BE6-84DA-4240-A92A-A11279D73A6A} = {5D20AA90-6969-D8BD-9DCD-8634F4692FDA}
	EndGlobalSection
	GlobalSection(ExtensibilityGlobals) = postSolution
		SolutionGuid = {A1C9EC9D-51A1-4E38-92B4-A50C2ECC80DB}
	EndGlobalSection
EndGlobal
